// !$*UTF8*$!
{
	archiveVersion = 1;
	classes = {
	};
	objectVersion = 46;
	objects = {

/* Begin PBXBuildFile section */
		941D554718E79AA000BE73B8 /* Foundation.framework in Frameworks */ = {isa = PBXBuildFile; fileRef = 941D554618E79AA000BE73B8 /* Foundation.framework */; };
		941D554918E79AA000BE73B8 /* CoreGraphics.framework in Frameworks */ = {isa = PBXBuildFile; fileRef = 941D554818E79AA000BE73B8 /* CoreGraphics.framework */; };
		941D554B18E79AA000BE73B8 /* UIKit.framework in Frameworks */ = {isa = PBXBuildFile; fileRef = 941D554A18E79AA000BE73B8 /* UIKit.framework */; };
		941D555118E79AA000BE73B8 /* InfoPlist.strings in Resources */ = {isa = PBXBuildFile; fileRef = 941D554F18E79AA000BE73B8 /* InfoPlist.strings */; };
		941D555318E79AA000BE73B8 /* main.m in Sources */ = {isa = PBXBuildFile; fileRef = 941D555218E79AA000BE73B8 /* main.m */; };
		941D555718E79AA000BE73B8 /* AppDelegate.m in Sources */ = {isa = PBXBuildFile; fileRef = 941D555618E79AA000BE73B8 /* AppDelegate.m */; };
		941D555A18E79AA000BE73B8 /* Main_iPhone.storyboard in Resources */ = {isa = PBXBuildFile; fileRef = 941D555818E79AA000BE73B8 /* Main_iPhone.storyboard */; };
		941D555D18E79AA000BE73B8 /* Main_iPad.storyboard in Resources */ = {isa = PBXBuildFile; fileRef = 941D555B18E79AA000BE73B8 /* Main_iPad.storyboard */; };
		941D556018E79AA000BE73B8 /* ViewController.m in Sources */ = {isa = PBXBuildFile; fileRef = 941D555F18E79AA000BE73B8 /* ViewController.m */; };
		941D556218E79AA000BE73B8 /* Images.xcassets in Resources */ = {isa = PBXBuildFile; fileRef = 941D556118E79AA000BE73B8 /* Images.xcassets */; };
		941D556918E79AA000BE73B8 /* XCTest.framework in Frameworks */ = {isa = PBXBuildFile; fileRef = 941D556818E79AA000BE73B8 /* XCTest.framework */; };
		941D556A18E79AA000BE73B8 /* Foundation.framework in Frameworks */ = {isa = PBXBuildFile; fileRef = 941D554618E79AA000BE73B8 /* Foundation.framework */; };
		941D556B18E79AA000BE73B8 /* UIKit.framework in Frameworks */ = {isa = PBXBuildFile; fileRef = 941D554A18E79AA000BE73B8 /* UIKit.framework */; };
		941D557318E79AA100BE73B8 /* InfoPlist.strings in Resources */ = {isa = PBXBuildFile; fileRef = 941D557118E79AA100BE73B8 /* InfoPlist.strings */; };
		941D557518E79AA100BE73B8 /* SequentialAnimationExampleTests.m in Sources */ = {isa = PBXBuildFile; fileRef = 941D557418E79AA100BE73B8 /* SequentialAnimationExampleTests.m */; };
		941D558018E7BD1000BE73B8 /* UIView+SequentialAnimation.m in Sources */ = {isa = PBXBuildFile; fileRef = 941D557F18E7BD1000BE73B8 /* UIView+SequentialAnimation.m */; };
/* End PBXBuildFile section */

/* Begin PBXContainerItemProxy section */
		941D556C18E79AA100BE73B8 /* PBXContainerItemProxy */ = {
			isa = PBXContainerItemProxy;
			containerPortal = 941D553B18E79AA000BE73B8 /* Project object */;
			proxyType = 1;
			remoteGlobalIDString = 941D554218E79AA000BE73B8;
			remoteInfo = SequentialAnimationExample;
		};
/* End PBXContainerItemProxy section */

/* Begin PBXFileReference section */
		941D554318E79AA000BE73B8 /* SequentialAnimationExample.app */ = {isa = PBXFileReference; explicitFileType = wrapper.application; includeInIndex = 0; path = SequentialAnimationExample.app; sourceTree = BUILT_PRODUCTS_DIR; };
		941D554618E79AA000BE73B8 /* Foundation.framework */ = {isa = PBXFileReference; lastKnownFileType = wrapper.framework; name = Foundation.framework; path = System/Library/Frameworks/Foundation.framework; sourceTree = SDKROOT; };
		941D554818E79AA000BE73B8 /* CoreGraphics.framework */ = {isa = PBXFileReference; lastKnownFileType = wrapper.framework; name = CoreGraphics.framework; path = System/Library/Frameworks/CoreGraphics.framework; sourceTree = SDKROOT; };
		941D554A18E79AA000BE73B8 /* UIKit.framework */ = {isa = PBXFileReference; lastKnownFileType = wrapper.framework; name = UIKit.framework; path = System/Library/Frameworks/UIKit.framework; sourceTree = SDKROOT; };
		941D554E18E79AA000BE73B8 /* SequentialAnimationExample-Info.plist */ = {isa = PBXFileReference; lastKnownFileType = text.plist.xml; path = "SequentialAnimationExample-Info.plist"; sourceTree = "<group>"; };
		941D555018E79AA000BE73B8 /* en */ = {isa = PBXFileReference; lastKnownFileType = text.plist.strings; name = en; path = en.lproj/InfoPlist.strings; sourceTree = "<group>"; };
		941D555218E79AA000BE73B8 /* main.m */ = {isa = PBXFileReference; lastKnownFileType = sourcecode.c.objc; path = main.m; sourceTree = "<group>"; };
		941D555418E79AA000BE73B8 /* SequentialAnimationExample-Prefix.pch */ = {isa = PBXFileReference; lastKnownFileType = sourcecode.c.h; path = "SequentialAnimationExample-Prefix.pch"; sourceTree = "<group>"; };
		941D555518E79AA000BE73B8 /* AppDelegate.h */ = {isa = PBXFileReference; lastKnownFileType = sourcecode.c.h; path = AppDelegate.h; sourceTree = "<group>"; };
		941D555618E79AA000BE73B8 /* AppDelegate.m */ = {isa = PBXFileReference; lastKnownFileType = sourcecode.c.objc; path = AppDelegate.m; sourceTree = "<group>"; };
		941D555918E79AA000BE73B8 /* Base */ = {isa = PBXFileReference; lastKnownFileType = file.storyboard; name = Base; path = Base.lproj/Main_iPhone.storyboard; sourceTree = "<group>"; };
		941D555C18E79AA000BE73B8 /* Base */ = {isa = PBXFileReference; lastKnownFileType = file.storyboard; name = Base; path = Base.lproj/Main_iPad.storyboard; sourceTree = "<group>"; };
		941D555E18E79AA000BE73B8 /* ViewController.h */ = {isa = PBXFileReference; lastKnownFileType = sourcecode.c.h; path = ViewController.h; sourceTree = "<group>"; };
		941D555F18E79AA000BE73B8 /* ViewController.m */ = {isa = PBXFileReference; lastKnownFileType = sourcecode.c.objc; path = ViewController.m; sourceTree = "<group>"; };
		941D556118E79AA000BE73B8 /* Images.xcassets */ = {isa = PBXFileReference; lastKnownFileType = folder.assetcatalog; path = Images.xcassets; sourceTree = "<group>"; };
		941D556718E79AA000BE73B8 /* SequentialAnimationExampleTests.xctest */ = {isa = PBXFileReference; explicitFileType = wrapper.cfbundle; includeInIndex = 0; path = SequentialAnimationExampleTests.xctest; sourceTree = BUILT_PRODUCTS_DIR; };
		941D556818E79AA000BE73B8 /* XCTest.framework */ = {isa = PBXFileReference; lastKnownFileType = wrapper.framework; name = XCTest.framework; path = Library/Frameworks/XCTest.framework; sourceTree = DEVELOPER_DIR; };
		941D557018E79AA100BE73B8 /* SequentialAnimationExampleTests-Info.plist */ = {isa = PBXFileReference; lastKnownFileType = text.plist.xml; path = "SequentialAnimationExampleTests-Info.plist"; sourceTree = "<group>"; };
		941D557218E79AA100BE73B8 /* en */ = {isa = PBXFileReference; lastKnownFileType = text.plist.strings; name = en; path = en.lproj/InfoPlist.strings; sourceTree = "<group>"; };
		941D557418E79AA100BE73B8 /* SequentialAnimationExampleTests.m */ = {isa = PBXFileReference; lastKnownFileType = sourcecode.c.objc; path = SequentialAnimationExampleTests.m; sourceTree = "<group>"; };
		941D557E18E7BD1000BE73B8 /* UIView+SequentialAnimation.h */ = {isa = PBXFileReference; fileEncoding = 4; lastKnownFileType = sourcecode.c.h; name = "UIView+SequentialAnimation.h"; path = "../../UIView+SequentialAnimation/UIView+SequentialAnimation.h"; sourceTree = "<group>"; };
		941D557F18E7BD1000BE73B8 /* UIView+SequentialAnimation.m */ = {isa = PBXFileReference; fileEncoding = 4; lastKnownFileType = sourcecode.c.objc; name = "UIView+SequentialAnimation.m"; path = "../../UIView+SequentialAnimation/UIView+SequentialAnimation.m"; sourceTree = "<group>"; };
/* End PBXFileReference section */

/* Begin PBXFrameworksBuildPhase section */
		941D554018E79AA000BE73B8 /* Frameworks */ = {
			isa = PBXFrameworksBuildPhase;
			buildActionMask = 2147483647;
			files = (
				941D554918E79AA000BE73B8 /* CoreGraphics.framework in Frameworks */,
				941D554B18E79AA000BE73B8 /* UIKit.framework in Frameworks */,
				941D554718E79AA000BE73B8 /* Foundation.framework in Frameworks */,
			);
			runOnlyForDeploymentPostprocessing = 0;
		};
		941D556418E79AA000BE73B8 /* Frameworks */ = {
			isa = PBXFrameworksBuildPhase;
			buildActionMask = 2147483647;
			files = (
				941D556918E79AA000BE73B8 /* XCTest.framework in Frameworks */,
				941D556B18E79AA000BE73B8 /* UIKit.framework in Frameworks */,
				941D556A18E79AA000BE73B8 /* Foundation.framework in Frameworks */,
			);
			runOnlyForDeploymentPostprocessing = 0;
		};
/* End PBXFrameworksBuildPhase section */

/* Begin PBXGroup section */
		941D553A18E79AA000BE73B8 = {
			isa = PBXGroup;
			children = (
				941D554C18E79AA000BE73B8 /* SequentialAnimationExample */,
				941D556E18E79AA100BE73B8 /* SequentialAnimationExampleTests */,
				941D554518E79AA000BE73B8 /* Frameworks */,
				941D554418E79AA000BE73B8 /* Products */,
			);
			sourceTree = "<group>";
		};
		941D554418E79AA000BE73B8 /* Products */ = {
			isa = PBXGroup;
			children = (
				941D554318E79AA000BE73B8 /* SequentialAnimationExample.app */,
				941D556718E79AA000BE73B8 /* SequentialAnimationExampleTests.xctest */,
			);
			name = Products;
			sourceTree = "<group>";
		};
		941D554518E79AA000BE73B8 /* Frameworks */ = {
			isa = PBXGroup;
			children = (
				941D554618E79AA000BE73B8 /* Foundation.framework */,
				941D554818E79AA000BE73B8 /* CoreGraphics.framework */,
				941D554A18E79AA000BE73B8 /* UIKit.framework */,
				941D556818E79AA000BE73B8 /* XCTest.framework */,
			);
			name = Frameworks;
			sourceTree = "<group>";
		};
		941D554C18E79AA000BE73B8 /* SequentialAnimationExample */ = {
			isa = PBXGroup;
			children = (
				941D557E18E7BD1000BE73B8 /* UIView+SequentialAnimation.h */,
				941D557F18E7BD1000BE73B8 /* UIView+SequentialAnimation.m */,
				941D555518E79AA000BE73B8 /* AppDelegate.h */,
				941D555618E79AA000BE73B8 /* AppDelegate.m */,
				941D555818E79AA000BE73B8 /* Main_iPhone.storyboard */,
				941D555B18E79AA000BE73B8 /* Main_iPad.storyboard */,
				941D555E18E79AA000BE73B8 /* ViewController.h */,
				941D555F18E79AA000BE73B8 /* ViewController.m */,
				941D556118E79AA000BE73B8 /* Images.xcassets */,
				941D554D18E79AA000BE73B8 /* Supporting Files */,
			);
			path = SequentialAnimationExample;
			sourceTree = "<group>";
		};
		941D554D18E79AA000BE73B8 /* Supporting Files */ = {
			isa = PBXGroup;
			children = (
				941D554E18E79AA000BE73B8 /* SequentialAnimationExample-Info.plist */,
				941D554F18E79AA000BE73B8 /* InfoPlist.strings */,
				941D555218E79AA000BE73B8 /* main.m */,
				941D555418E79AA000BE73B8 /* SequentialAnimationExample-Prefix.pch */,
			);
			name = "Supporting Files";
			sourceTree = "<group>";
		};
		941D556E18E79AA100BE73B8 /* SequentialAnimationExampleTests */ = {
			isa = PBXGroup;
			children = (
				941D557418E79AA100BE73B8 /* SequentialAnimationExampleTests.m */,
				941D556F18E79AA100BE73B8 /* Supporting Files */,
			);
			path = SequentialAnimationExampleTests;
			sourceTree = "<group>";
		};
		941D556F18E79AA100BE73B8 /* Supporting Files */ = {
			isa = PBXGroup;
			children = (
				941D557018E79AA100BE73B8 /* SequentialAnimationExampleTests-Info.plist */,
				941D557118E79AA100BE73B8 /* InfoPlist.strings */,
			);
			name = "Supporting Files";
			sourceTree = "<group>";
		};
/* End PBXGroup section */

/* Begin PBXNativeTarget section */
		941D554218E79AA000BE73B8 /* SequentialAnimationExample */ = {
			isa = PBXNativeTarget;
			buildConfigurationList = 941D557818E79AA100BE73B8 /* Build configuration list for PBXNativeTarget "SequentialAnimationExample" */;
			buildPhases = (
				941D553F18E79AA000BE73B8 /* Sources */,
				941D554018E79AA000BE73B8 /* Frameworks */,
				941D554118E79AA000BE73B8 /* Resources */,
			);
			buildRules = (
			);
			dependencies = (
			);
			name = SequentialAnimationExample;
			productName = SequentialAnimationExample;
			productReference = 941D554318E79AA000BE73B8 /* SequentialAnimationExample.app */;
			productType = "com.apple.product-type.application";
		};
		941D556618E79AA000BE73B8 /* SequentialAnimationExampleTests */ = {
			isa = PBXNativeTarget;
			buildConfigurationList = 941D557B18E79AA100BE73B8 /* Build configuration list for PBXNativeTarget "SequentialAnimationExampleTests" */;
			buildPhases = (
				941D556318E79AA000BE73B8 /* Sources */,
				941D556418E79AA000BE73B8 /* Frameworks */,
				941D556518E79AA000BE73B8 /* Resources */,
			);
			buildRules = (
			);
			dependencies = (
				941D556D18E79AA100BE73B8 /* PBXTargetDependency */,
			);
			name = SequentialAnimationExampleTests;
			productName = SequentialAnimationExampleTests;
			productReference = 941D556718E79AA000BE73B8 /* SequentialAnimationExampleTests.xctest */;
			productType = "com.apple.product-type.bundle.unit-test";
		};
/* End PBXNativeTarget section */

/* Begin PBXProject section */
		941D553B18E79AA000BE73B8 /* Project object */ = {
			isa = PBXProject;
			attributes = {
				LastUpgradeCheck = 0510;
				ORGANIZATIONNAME = "Association Business Computer Application Brian Cox";
				TargetAttributes = {
					941D556618E79AA000BE73B8 = {
						TestTargetID = 941D554218E79AA000BE73B8;
					};
				};
			};
			buildConfigurationList = 941D553E18E79AA000BE73B8 /* Build configuration list for PBXProject "SequentialAnimationExample" */;
			compatibilityVersion = "Xcode 3.2";
			developmentRegion = English;
			hasScannedForEncodings = 0;
			knownRegions = (
				en,
				Base,
			);
			mainGroup = 941D553A18E79AA000BE73B8;
			productRefGroup = 941D554418E79AA000BE73B8 /* Products */;
			projectDirPath = "";
			projectRoot = "";
			targets = (
				941D554218E79AA000BE73B8 /* SequentialAnimationExample */,
				941D556618E79AA000BE73B8 /* SequentialAnimationExampleTests */,
			);
		};
/* End PBXProject section */

/* Begin PBXResourcesBuildPhase section */
		941D554118E79AA000BE73B8 /* Resources */ = {
			isa = PBXResourcesBuildPhase;
			buildActionMask = 2147483647;
			files = (
				941D555D18E79AA000BE73B8 /* Main_iPad.storyboard in Resources */,
				941D556218E79AA000BE73B8 /* Images.xcassets in Resources */,
				941D555A18E79AA000BE73B8 /* Main_iPhone.storyboard in Resources */,
				941D555118E79AA000BE73B8 /* InfoPlist.strings in Resources */,
			);
			runOnlyForDeploymentPostprocessing = 0;
		};
		941D556518E79AA000BE73B8 /* Resources */ = {
			isa = PBXResourcesBuildPhase;
			buildActionMask = 2147483647;
			files = (
				941D557318E79AA100BE73B8 /* InfoPlist.strings in Resources */,
			);
			runOnlyForDeploymentPostprocessing = 0;
		};
/* End PBXResourcesBuildPhase section */

/* Begin PBXSourcesBuildPhase section */
		941D553F18E79AA000BE73B8 /* Sources */ = {
			isa = PBXSourcesBuildPhase;
			buildActionMask = 2147483647;
			files = (
				941D556018E79AA000BE73B8 /* ViewController.m in Sources */,
				941D555718E79AA000BE73B8 /* AppDelegate.m in Sources */,
				941D558018E7BD1000BE73B8 /* UIView+SequentialAnimation.m in Sources */,
				941D555318E79AA000BE73B8 /* main.m in Sources */,
			);
			runOnlyForDeploymentPostprocessing = 0;
		};
		941D556318E79AA000BE73B8 /* Sources */ = {
			isa = PBXSourcesBuildPhase;
			buildActionMask = 2147483647;
			files = (
				941D557518E79AA100BE73B8 /* SequentialAnimationExampleTests.m in Sources */,
			);
			runOnlyForDeploymentPostprocessing = 0;
		};
/* End PBXSourcesBuildPhase section */

/* Begin PBXTargetDependency section */
		941D556D18E79AA100BE73B8 /* PBXTargetDependency */ = {
			isa = PBXTargetDependency;
			target = 941D554218E79AA000BE73B8 /* SequentialAnimationExample */;
			targetProxy = 941D556C18E79AA100BE73B8 /* PBXContainerItemProxy */;
		};
/* End PBXTargetDependency section */

/* Begin PBXVariantGroup section */
		941D554F18E79AA000BE73B8 /* InfoPlist.strings */ = {
			isa = PBXVariantGroup;
			children = (
				941D555018E79AA000BE73B8 /* en */,
			);
			name = InfoPlist.strings;
			sourceTree = "<group>";
		};
		941D555818E79AA000BE73B8 /* Main_iPhone.storyboard */ = {
			isa = PBXVariantGroup;
			children = (
				941D555918E79AA000BE73B8 /* Base */,
			);
			name = Main_iPhone.storyboard;
			sourceTree = "<group>";
		};
		941D555B18E79AA000BE73B8 /* Main_iPad.storyboard */ = {
			isa = PBXVariantGroup;
			children = (
				941D555C18E79AA000BE73B8 /* Base */,
			);
			name = Main_iPad.storyboard;
			sourceTree = "<group>";
		};
		941D557118E79AA100BE73B8 /* InfoPlist.strings */ = {
			isa = PBXVariantGroup;
			children = (
				941D557218E79AA100BE73B8 /* en */,
			);
			name = InfoPlist.strings;
			sourceTree = "<group>";
		};
/* End PBXVariantGroup section */

/* Begin XCBuildConfiguration section */
		941D557618E79AA100BE73B8 /* Debug */ = {
			isa = XCBuildConfiguration;
			buildSettings = {
				ALWAYS_SEARCH_USER_PATHS = NO;
				CLANG_CXX_LANGUAGE_STANDARD = "gnu++0x";
				CLANG_CXX_LIBRARY = "libc++";
				CLANG_ENABLE_MODULES = YES;
				CLANG_ENABLE_OBJC_ARC = YES;
				CLANG_WARN_BOOL_CONVERSION = YES;
				CLANG_WARN_CONSTANT_CONVERSION = YES;
				CLANG_WARN_DIRECT_OBJC_ISA_USAGE = YES_ERROR;
				CLANG_WARN_EMPTY_BODY = YES;
				CLANG_WARN_ENUM_CONVERSION = YES;
				CLANG_WARN_INT_CONVERSION = YES;
				CLANG_WARN_OBJC_ROOT_CLASS = YES_ERROR;
				CLANG_WARN__DUPLICATE_METHOD_MATCH = YES;
				"CODE_SIGN_IDENTITY[sdk=iphoneos*]" = "iPhone Developer";
				COPY_PHASE_STRIP = NO;
				GCC_C_LANGUAGE_STANDARD = gnu99;
				GCC_DYNAMIC_NO_PIC = NO;
				GCC_OPTIMIZATION_LEVEL = 0;
				GCC_PREPROCESSOR_DEFINITIONS = (
					"DEBUG=1",
					"$(inherited)",
				);
				GCC_SYMBOLS_PRIVATE_EXTERN = NO;
				GCC_WARN_64_TO_32_BIT_CONVERSION = YES;
				GCC_WARN_ABOUT_RETURN_TYPE = YES_ERROR;
				GCC_WARN_UNDECLARED_SELECTOR = YES;
				GCC_WARN_UNINITIALIZED_AUTOS = YES_AGGRESSIVE;
				GCC_WARN_UNUSED_FUNCTION = YES;
				GCC_WARN_UNUSED_VARIABLE = YES;
				IPHONEOS_DEPLOYMENT_TARGET = 7.1;
				ONLY_ACTIVE_ARCH = YES;
				SDKROOT = iphoneos;
				TARGETED_DEVICE_FAMILY = "1,2";
			};
			name = Debug;
		};
		941D557718E79AA100BE73B8 /* Release */ = {
			isa = XCBuildConfiguration;
			buildSettings = {
				ALWAYS_SEARCH_USER_PATHS = NO;
				CLANG_CXX_LANGUAGE_STANDARD = "gnu++0x";
				CLANG_CXX_LIBRARY = "libc++";
				CLANG_ENABLE_MODULES = YES;
				CLANG_ENABLE_OBJC_ARC = YES;
				CLANG_WARN_BOOL_CONVERSION = YES;
				CLANG_WARN_CONSTANT_CONVERSION = YES;
				CLANG_WARN_DIRECT_OBJC_ISA_USAGE = YES_ERROR;
				CLANG_WARN_EMPTY_BODY = YES;
				CLANG_WARN_ENUM_CONVERSION = YES;
				CLANG_WARN_INT_CONVERSION = YES;
				CLANG_WARN_OBJC_ROOT_CLASS = YES_ERROR;
				CLANG_WARN__DUPLICATE_METHOD_MATCH = YES;
				"CODE_SIGN_IDENTITY[sdk=iphoneos*]" = "iPhone Developer";
				COPY_PHASE_STRIP = YES;
				ENABLE_NS_ASSERTIONS = NO;
				GCC_C_LANGUAGE_STANDARD = gnu99;
				GCC_WARN_64_TO_32_BIT_CONVERSION = YES;
				GCC_WARN_ABOUT_RETURN_TYPE = YES_ERROR;
				GCC_WARN_UNDECLARED_SELECTOR = YES;
				GCC_WARN_UNINITIALIZED_AUTOS = YES_AGGRESSIVE;
				GCC_WARN_UNUSED_FUNCTION = YES;
				GCC_WARN_UNUSED_VARIABLE = YES;
				IPHONEOS_DEPLOYMENT_TARGET = 7.1;
				SDKROOT = iphoneos;
				TARGETED_DEVICE_FAMILY = "1,2";
				VALIDATE_PRODUCT = YES;
			};
			name = Release;
		};
		941D557918E79AA100BE73B8 /* Debug */ = {
			isa = XCBuildConfiguration;
			buildSettings = {
				ASSETCATALOG_COMPILER_APPICON_NAME = AppIcon;
				ASSETCATALOG_COMPILER_LAUNCHIMAGE_NAME = LaunchImage;
				GCC_PRECOMPILE_PREFIX_HEADER = YES;
				GCC_PREFIX_HEADER = "SequentialAnimationExample/SequentialAnimationExample-Prefix.pch";
				INFOPLIST_FILE = "SequentialAnimationExample/SequentialAnimationExample-Info.plist";
				PRODUCT_NAME = "$(TARGET_NAME)";
				WRAPPER_EXTENSION = app;
			};
			name = Debug;
		};
		941D557A18E79AA100BE73B8 /* Release */ = {
			isa = XCBuildConfiguration;
			buildSettings = {
				ASSETCATALOG_COMPILER_APPICON_NAME = AppIcon;
				ASSETCATALOG_COMPILER_LAUNCHIMAGE_NAME = LaunchImage;
				GCC_PRECOMPILE_PREFIX_HEADER = YES;
				GCC_PREFIX_HEADER = "SequentialAnimationExample/SequentialAnimationExample-Prefix.pch";
				INFOPLIST_FILE = "SequentialAnimationExample/SequentialAnimationExample-Info.plist";
				PRODUCT_NAME = "$(TARGET_NAME)";
				WRAPPER_EXTENSION = app;
			};
			name = Release;
		};
		941D557C18E79AA100BE73B8 /* Debug */ = {
			isa = XCBuildConfiguration;
			buildSettings = {
				BUNDLE_LOADER = "$(BUILT_PRODUCTS_DIR)/SequentialAnimationExample.app/SequentialAnimationExample";
				FRAMEWORK_SEARCH_PATHS = (
					"$(SDKROOT)/Developer/Library/Frameworks",
					"$(inherited)",
					"$(DEVELOPER_FRAMEWORKS_DIR)",
				);
				GCC_PRECOMPILE_PREFIX_HEADER = YES;
				GCC_PREFIX_HEADER = "SequentialAnimationExample/SequentialAnimationExample-Prefix.pch";
				GCC_PREPROCESSOR_DEFINITIONS = (
					"DEBUG=1",
					"$(inherited)",
				);
				INFOPLIST_FILE = "SequentialAnimationExampleTests/SequentialAnimationExampleTests-Info.plist";
				PRODUCT_NAME = "$(TARGET_NAME)";
				TEST_HOST = "$(BUNDLE_LOADER)";
				WRAPPER_EXTENSION = xctest;
			};
			name = Debug;
		};
		941D557D18E79AA100BE73B8 /* Release */ = {
			isa = XCBuildConfiguration;
			buildSettings = {
				BUNDLE_LOADER = "$(BUILT_PRODUCTS_DIR)/SequentialAnimationExample.app/SequentialAnimationExample";
				FRAMEWORK_SEARCH_PATHS = (
					"$(SDKROOT)/Developer/Library/Frameworks",
					"$(inherited)",
					"$(DEVELOPER_FRAMEWORKS_DIR)",
				);
				GCC_PRECOMPILE_PREFIX_HEADER = YES;
				GCC_PREFIX_HEADER = "SequentialAnimationExample/SequentialAnimationExample-Prefix.pch";
				INFOPLIST_FILE = "SequentialAnimationExampleTests/SequentialAnimationExampleTests-Info.plist";
				PRODUCT_NAME = "$(TARGET_NAME)";
				TEST_HOST = "$(BUNDLE_LOADER)";
				WRAPPER_EXTENSION = xctest;
			};
			name = Release;
		};
/* End XCBuildConfiguration section */

/* Begin XCConfigurationList section */
		941D553E18E79AA000BE73B8 /* Build configuration list for PBXProject "SequentialAnimationExample" */ = {
			isa = XCConfigurationList;
			buildConfigurations = (
				941D557618E79AA100BE73B8 /* Debug */,
				941D557718E79AA100BE73B8 /* Release */,
			);
			defaultConfigurationIsVisible = 0;
			defaultConfigurationName = Release;
		};
		941D557818E79AA100BE73B8 /* Build configuration list for PBXNativeTarget "SequentialAnimationExample" */ = {
			isa = XCConfigurationList;
			buildConfigurations = (
				941D557918E79AA100BE73B8 /* Debug */,
				941D557A18E79AA100BE73B8 /* Release */,
			);
			defaultConfigurationIsVisible = 0;
			defaultConfigurationName = Release;
		};
		941D557B18E79AA100BE73B8 /* Build configuration list for PBXNativeTarget "SequentialAnimationExampleTests" */ = {
			isa = XCConfigurationList;
			buildConfigurations = (
				941D557C18E79AA100BE73B8 /* Debug */,
				941D557D18E79AA100BE73B8 /* Release */,
			);
			defaultConfigurationIsVisible = 0;
			defaultConfigurationName = Release;
		};
/* End XCConfigurationList section */
	};
	rootObject = 941D553B18E79AA000BE73B8 /* Project object */;
}
